
Microsoft Visual Studio Solution File, Format Version 12.00
# Visual Studio Version 16
VisualStudioVersion = 16.0.33027.164
MinimumVisualStudioVersion = 10.0.40219.1
Project("{9A19103F-16F7-4668-BE54-9A1E7A4F7556}") = "FoodNutritionApplication.Server", "FoodNutritionApplication\Server\FoodNutritionApplication.Server.csproj", "{A8E25EBB-37B4-4FE2-B460-4FD4E88277E0}"
EndProject
Project("{9A19103F-16F7-4668-BE54-9A1E7A4F7556}") = "FoodNutritionApplication.Client", "FoodNutritionApplication\Client\FoodNutritionApplication.Client.csproj", "{AB172A56-4DA5-4016-8A19-6AF7A8C03928}"
EndProject
Project("{9A19103F-16F7-4668-BE54-9A1E7A4F7556}") = "FoodNutritionApplication.Shared", "FoodNutritionApplication\Shared\FoodNutritionApplication.Shared.csproj", "{CC1F69AC-9593-4D3F-9D31-61B5C1A0CC27}"
EndProject
Global
	GlobalSection(SolutionConfigurationPlatforms) = preSolution
		Debug|Any CPU = Debug|Any CPU
		Release|Any CPU = Release|Any CPU
	EndGlobalSection
	GlobalSection(ProjectConfigurationPlatforms) = postSolution
		{A8E25EBB-37B4-4FE2-B460-4FD4E88277E0}.Debug|Any CPU.ActiveCfg = Debug|Any CPU
		{A8E25EBB-37B4-4FE2-B460-4FD4E88277E0}.Debug|Any CPU.Build.0 = Debug|Any CPU
		{A8E25EBB-37B4-4FE2-B460-4FD4E88277E0}.Release|Any CPU.ActiveCfg = Release|Any CPU
		{A8E25EBB-37B4-4FE2-B460-4FD4E88277E0}.Release|Any CPU.Build.0 = Release|Any CPU
		{AB172A56-4DA5-4016-8A19-6AF7A8C03928}.Debug|Any CPU.ActiveCfg = Debug|Any CPU
		{AB172A56-4DA5-4016-8A19-6AF7A8C03928}.Debug|Any CPU.Build.0 = Debug|Any CPU
		{AB172A56-4DA5-4016-8A19-6AF7A8C03928}.Release|Any CPU.ActiveCfg = Release|Any CPU
		{AB172A56-4DA5-4016-8A19-6AF7A8C03928}.Release|Any CPU.Build.0 = Release|Any CPU
		{CC1F69AC-9593-4D3F-9D31-61B5C1A0CC27}.Debug|Any CPU.ActiveCfg = Debug|Any CPU
		{CC1F69AC-9593-4D3F-9D31-61B5C1A0CC27}.Debug|Any CPU.Build.0 = Debug|Any CPU
		{CC1F69AC-9593-4D3F-9D31-61B5C1A0CC27}.Release|Any CPU.ActiveCfg = Release|Any CPU
		{CC1F69AC-9593-4D3F-9D31-61B5C1A0CC27}.Release|Any CPU.Build.0 = Release|Any CPU
	EndGlobalSection
	GlobalSection(SolutionProperties) = preSolution
		HideSolutionNode = FALSE
	EndGlobalSection
	GlobalSection(ExtensibilityGlobals) = postSolution
		SolutionGuid = {ED264C99-55ED-40E8-A631-78DBC1DDA5E3}
	EndGlobalSection
EndGlobal
